// !$*UTF8*$!
{
	archiveVersion = 1;
	classes = {
	};
	objectVersion = 46;
	objects = {

/* Begin PBXBuildFile section */
		CCA340211EC17B5800C3E4AA /* AppDelegate.swift in Sources */ = {isa = PBXBuildFile; fileRef = CCA340201EC17B5800C3E4AA /* AppDelegate.swift */; };
		CCA340231EC17B5800C3E4AA /* MainVC.swift in Sources */ = {isa = PBXBuildFile; fileRef = CCA340221EC17B5800C3E4AA /* MainVC.swift */; };
		CCA340261EC17B5800C3E4AA /* Main.storyboard in Resources */ = {isa = PBXBuildFile; fileRef = CCA340241EC17B5800C3E4AA /* Main.storyboard */; };
		CCA340281EC17B5800C3E4AA /* Assets.xcassets in Resources */ = {isa = PBXBuildFile; fileRef = CCA340271EC17B5800C3E4AA /* Assets.xcassets */; };
		CCA3402B1EC17B5800C3E4AA /* LaunchScreen.storyboard in Resources */ = {isa = PBXBuildFile; fileRef = CCA340291EC17B5800C3E4AA /* LaunchScreen.storyboard */; };
		CCA340361EC1863900C3E4AA /* VideoVC.swift in Sources */ = {isa = PBXBuildFile; fileRef = CCA340351EC1863900C3E4AA /* VideoVC.swift */; };
		CCA340381EC1878400C3E4AA /* OCTableViewCell.swift in Sources */ = {isa = PBXBuildFile; fileRef = CCA340371EC1878400C3E4AA /* OCTableViewCell.swift */; };
		CCA3403A1EC1895400C3E4AA /* OrangeCountyInfo.swift in Sources */ = {isa = PBXBuildFile; fileRef = CCA340391EC1895400C3E4AA /* OrangeCountyInfo.swift */; };
/* End PBXBuildFile section */

/* Begin PBXFileReference section */
		CCA3401D1EC17B5800C3E4AA /* TopOCDestinations.app */ = {isa = PBXFileReference; explicitFileType = wrapper.application; includeInIndex = 0; path = TopOCDestinations.app; sourceTree = BUILT_PRODUCTS_DIR; };
		CCA340201EC17B5800C3E4AA /* AppDelegate.swift */ = {isa = PBXFileReference; lastKnownFileType = sourcecode.swift; path = AppDelegate.swift; sourceTree = "<group>"; };
		CCA340221EC17B5800C3E4AA /* MainVC.swift */ = {isa = PBXFileReference; lastKnownFileType = sourcecode.swift; path = MainVC.swift; sourceTree = "<group>"; };
		CCA340251EC17B5800C3E4AA /* Base */ = {isa = PBXFileReference; lastKnownFileType = file.storyboard; name = Base; path = Base.lproj/Main.storyboard; sourceTree = "<group>"; };
		CCA340271EC17B5800C3E4AA /* Assets.xcassets */ = {isa = PBXFileReference; lastKnownFileType = folder.assetcatalog; path = Assets.xcassets; sourceTree = "<group>"; };
		CCA3402A1EC17B5800C3E4AA /* Base */ = {isa = PBXFileReference; lastKnownFileType = file.storyboard; name = Base; path = Base.lproj/LaunchScreen.storyboard; sourceTree = "<group>"; };
		CCA3402C1EC17B5800C3E4AA /* Info.plist */ = {isa = PBXFileReference; lastKnownFileType = text.plist.xml; path = Info.plist; sourceTree = "<group>"; };
		CCA340351EC1863900C3E4AA /* VideoVC.swift */ = {isa = PBXFileReference; fileEncoding = 4; lastKnownFileType = sourcecode.swift; path = VideoVC.swift; sourceTree = "<group>"; };
		CCA340371EC1878400C3E4AA /* OCTableViewCell.swift */ = {isa = PBXFileReference; fileEncoding = 4; lastKnownFileType = sourcecode.swift; path = OCTableViewCell.swift; sourceTree = "<group>"; };
		CCA340391EC1895400C3E4AA /* OrangeCountyInfo.swift */ = {isa = PBXFileReference; fileEncoding = 4; lastKnownFileType = sourcecode.swift; path = OrangeCountyInfo.swift; sourceTree = "<group>"; };
/* End PBXFileReference section */

/* Begin PBXFrameworksBuildPhase section */
		CCA3401A1EC17B5700C3E4AA /* Frameworks */ = {
			isa = PBXFrameworksBuildPhase;
			buildActionMask = 2147483647;
			files = (
			);
			runOnlyForDeploymentPostprocessing = 0;
		};
/* End PBXFrameworksBuildPhase section */

/* Begin PBXGroup section */
		CCA340141EC17B5700C3E4AA = {
			isa = PBXGroup;
			children = (
				CCA3401F1EC17B5800C3E4AA /* TopOCDestinations */,
				CCA3401E1EC17B5800C3E4AA /* Products */,
			);
			sourceTree = "<group>";
		};
		CCA3401E1EC17B5800C3E4AA /* Products */ = {
			isa = PBXGroup;
			children = (
				CCA3401D1EC17B5800C3E4AA /* TopOCDestinations.app */,
			);
			name = Products;
			sourceTree = "<group>";
		};
		CCA3401F1EC17B5800C3E4AA /* TopOCDestinations */ = {
			isa = PBXGroup;
			children = (
				CCA340341EC17BF300C3E4AA /* Controller */,
				CCA340331EC17BEC00C3E4AA /* View */,
				CCA340321EC17BE100C3E4AA /* Model */,
				CCA340201EC17B5800C3E4AA /* AppDelegate.swift */,
				CCA340241EC17B5800C3E4AA /* Main.storyboard */,
				CCA340271EC17B5800C3E4AA /* Assets.xcassets */,
				CCA340291EC17B5800C3E4AA /* LaunchScreen.storyboard */,
				CCA3402C1EC17B5800C3E4AA /* Info.plist */,
			);
			path = TopOCDestinations;
			sourceTree = "<group>";
		};
		CCA340321EC17BE100C3E4AA /* Model */ = {
			isa = PBXGroup;
			children = (
				CCA340391EC1895400C3E4AA /* OrangeCountyInfo.swift */,
			);
			name = Model;
			sourceTree = "<group>";
		};
		CCA340331EC17BEC00C3E4AA /* View */ = {
			isa = PBXGroup;
			children = (
				CCA340371EC1878400C3E4AA /* OCTableViewCell.swift */,
			);
			name = View;
			sourceTree = "<group>";
		};
		CCA340341EC17BF300C3E4AA /* Controller */ = {
			isa = PBXGroup;
			children = (
				CCA340221EC17B5800C3E4AA /* MainVC.swift */,
				CCA340351EC1863900C3E4AA /* VideoVC.swift */,
			);
			name = Controller;
			sourceTree = "<group>";
		};
/* End PBXGroup section */

/* Begin PBXNativeTarget section */
		CCA3401C1EC17B5700C3E4AA /* TopOCDestinations */ = {
			isa = PBXNativeTarget;
			buildConfigurationList = CCA3402F1EC17B5800C3E4AA /* Build configuration list for PBXNativeTarget "TopOCDestinations" */;
			buildPhases = (
				CCA340191EC17B5700C3E4AA /* Sources */,
				CCA3401A1EC17B5700C3E4AA /* Frameworks */,
				CCA3401B1EC17B5700C3E4AA /* Resources */,
			);
			buildRules = (
			);
			dependencies = (
			);
			name = TopOCDestinations;
			productName = TopOCDestinations;
			productReference = CCA3401D1EC17B5800C3E4AA /* TopOCDestinations.app */;
			productType = "com.apple.product-type.application";
		};
/* End PBXNativeTarget section */

/* Begin PBXProject section */
		CCA340151EC17B5700C3E4AA /* Project object */ = {
			isa = PBXProject;
			attributes = {
				LastSwiftUpdateCheck = 0820;
				LastUpgradeCheck = 0820;
				ORGANIZATIONNAME = RainbowApps;
				TargetAttributes = {
					CCA3401C1EC17B5700C3E4AA = {
						CreatedOnToolsVersion = 8.2.1;
						ProvisioningStyle = Automatic;
					};
				};
			};
			buildConfigurationList = CCA340181EC17B5700C3E4AA /* Build configuration list for PBXProject "TopOCDestinations" */;
			compatibilityVersion = "Xcode 3.2";
			developmentRegion = English;
			hasScannedForEncodings = 0;
			knownRegions = (
				en,
				Base,
			);
			mainGroup = CCA340141EC17B5700C3E4AA;
			productRefGroup = CCA3401E1EC17B5800C3E4AA /* Products */;
			projectDirPath = "";
			projectRoot = "";
			targets = (
				CCA3401C1EC17B5700C3E4AA /* TopOCDestinations */,
			);
		};
/* End PBXProject section */

/* Begin PBXResourcesBuildPhase section */
		CCA3401B1EC17B5700C3E4AA /* Resources */ = {
			isa = PBXResourcesBuildPhase;
			buildActionMask = 2147483647;
			files = (
				CCA3402B1EC17B5800C3E4AA /* LaunchScreen.storyboard in Resources */,
				CCA340281EC17B5800C3E4AA /* Assets.xcassets in Resources */,
				CCA340261EC17B5800C3E4AA /* Main.storyboard in Resources */,
			);
			runOnlyForDeploymentPostprocessing = 0;
		};
/* End PBXResourcesBuildPhase section */

/* Begin PBXSourcesBuildPhase section */
		CCA340191EC17B5700C3E4AA /* Sources */ = {
			isa = PBXSourcesBuildPhase;
			buildActionMask = 2147483647;
			files = (
				CCA340361EC1863900C3E4AA /* VideoVC.swift in Sources */,
				CCA3403A1EC1895400C3E4AA /* OrangeCountyInfo.swift in Sources */,
				CCA340381EC1878400C3E4AA /* OCTableViewCell.swift in Sources */,
				CCA340231EC17B5800C3E4AA /* MainVC.swift in Sources */,
				CCA340211EC17B5800C3E4AA /* AppDelegate.swift in Sources */,
			);
			runOnlyForDeploymentPostprocessing = 0;
		};
/* End PBXSourcesBuildPhase section */

/* Begin PBXVariantGroup section */
		CCA340241EC17B5800C3E4AA /* Main.storyboard */ = {
			isa = PBXVariantGroup;
			children = (
				CCA340251EC17B5800C3E4AA /* Base */,
			);
			name = Main.storyboard;
			sourceTree = "<group>";
		};
		CCA340291EC17B5800C3E4AA /* LaunchScreen.storyboard */ = {
			isa = PBXVariantGroup;
			children = (
				CCA3402A1EC17B5800C3E4AA /* Base */,
			);
			name = LaunchScreen.storyboard;
			sourceTree = "<group>";
		};
/* End PBXVariantGroup section */

/* Begin XCBuildConfiguration section */
		CCA3402D1EC17B5800C3E4AA /* Debug */ = {
			isa = XCBuildConfiguration;
			buildSettings = {
				ALWAYS_SEARCH_USER_PATHS = NO;
				CLANG_ANALYZER_NONNULL = YES;
				CLANG_CXX_LANGUAGE_STANDARD = "gnu++0x";
				CLANG_CXX_LIBRARY = "libc++";
				CLANG_ENABLE_MODULES = YES;
				CLANG_ENABLE_OBJC_ARC = YES;
				CLANG_WARN_BOOL_CONVERSION = YES;
				CLANG_WARN_CONSTANT_CONVERSION = YES;
				CLANG_WARN_DIRECT_OBJC_ISA_USAGE = YES_ERROR;
				CLANG_WARN_DOCUMENTATION_COMMENTS = YES;
				CLANG_WARN_EMPTY_BODY = YES;
				CLANG_WARN_ENUM_CONVERSION = YES;
				CLANG_WARN_INFINITE_RECURSION = YES;
				CLANG_WARN_INT_CONVERSION = YES;
				CLANG_WARN_OBJC_ROOT_CLASS = YES_ERROR;
				CLANG_WARN_SUSPICIOUS_MOVE = YES;
				CLANG_WARN_UNREACHABLE_CODE = YES;
				CLANG_WARN__DUPLICATE_METHOD_MATCH = YES;
				"CODE_SIGN_IDENTITY[sdk=iphoneos*]" = "iPhone Developer";
				COPY_PHASE_STRIP = NO;
				DEBUG_INFORMATION_FORMAT = dwarf;
				ENABLE_STRICT_OBJC_MSGSEND = YES;
				ENABLE_TESTABILITY = YES;
				GCC_C_LANGUAGE_STANDARD = gnu99;
				GCC_DYNAMIC_NO_PIC = NO;
				GCC_NO_COMMON_BLOCKS = YES;
				GCC_OPTIMIZATION_LEVEL = 0;
				GCC_PREPROCESSOR_DEFINITIONS = (
					"DEBUG=1",
					"$(inherited)",
				);
				GCC_WARN_64_TO_32_BIT_CONVERSION = YES;
				GCC_WARN_ABOUT_RETURN_TYPE = YES_ERROR;
				GCC_WARN_UNDECLARED_SELECTOR = YES;
				GCC_WARN_UNINITIALIZED_AUTOS = YES_AGGRESSIVE;
				GCC_WARN_UNUSED_FUNCTION = YES;
				GCC_WARN_UNUSED_VARIABLE = YES;
				IPHONEOS_DEPLOYMENT_TARGET = 10.2;
				MTL_ENABLE_DEBUG_INFO = YES;
				ONLY_ACTIVE_ARCH = YES;
				SDKROOT = iphoneos;
				SWIFT_ACTIVE_COMPILATION_CONDITIONS = DEBUG;
				SWIFT_OPTIMIZATION_LEVEL = "-Onone";
				TARGETED_DEVICE_FAMILY = "1,2";
			};
			name = Debug;
		};
		CCA3402E1EC17B5800C3E4AA /* Release */ = {
			isa = XCBuildConfiguration;
			buildSettings = {
				ALWAYS_SEARCH_USER_PATHS = NO;
				CLANG_ANALYZER_NONNULL = YES;
				CLANG_CXX_LANGUAGE_STANDARD = "gnu++0x";
				CLANG_CXX_LIBRARY = "libc++";
				CLANG_ENABLE_MODULES = YES;
				CLANG_ENABLE_OBJC_ARC = YES;
				CLANG_WARN_BOOL_CONVERSION = YES;
				CLANG_WARN_CONSTANT_CONVERSION = YES;
				CLANG_WARN_DIRECT_OBJC_ISA_USAGE = YES_ERROR;
				CLANG_WARN_DOCUMENTATION_COMMENTS = YES;
				CLANG_WARN_EMPTY_BODY = YES;
				CLANG_WARN_ENUM_CONVERSION = YES;
				CLANG_WARN_INFINITE_RECURSION = YES;
				CLANG_WARN_INT_CONVERSION = YES;
				CLANG_WARN_OBJC_ROOT_CLASS = YES_ERROR;
				CLANG_WARN_SUSPICIOUS_MOVE = YES;
				CLANG_WARN_UNREACHABLE_CODE = YES;
				CLANG_WARN__DUPLICATE_METHOD_MATCH = YES;
				"CODE_SIGN_IDENTITY[sdk=iphoneos*]" = "iPhone Developer";
				COPY_PHASE_STRIP = NO;
				DEBUG_INFORMATION_FORMAT = "dwarf-with-dsym";
				ENABLE_NS_ASSERTIONS = NO;
				ENABLE_STRICT_OBJC_MSGSEND = YES;
				GCC_C_LANGUAGE_STANDARD = gnu99;
				GCC_NO_COMMON_BLOCKS = YES;
				GCC_WARN_64_TO_32_BIT_CONVERSION = YES;
				GCC_WARN_ABOUT_RETURN_TYPE = YES_ERROR;
				GCC_WARN_UNDECLARED_SELECTOR = YES;
				GCC_WARN_UNINITIALIZED_AUTOS = YES_AGGRESSIVE;
				GCC_WARN_UNUSED_FUNCTION = YES;
				GCC_WARN_UNUSED_VARIABLE = YES;
				IPHONEOS_DEPLOYMENT_TARGET = 10.2;
				MTL_ENABLE_DEBUG_INFO = NO;
				SDKROOT = iphoneos;
				SWIFT_OPTIMIZATION_LEVEL = "-Owholemodule";
				TARGETED_DEVICE_FAMILY = "1,2";
				VALIDATE_PRODUCT = YES;
			};
			name = Release;
		};
		CCA340301EC17B5800C3E4AA /* Debug */ = {
			isa = XCBuildConfiguration;
			buildSettings = {
				ASSETCATALOG_COMPILER_APPICON_NAME = AppIcon;
				INFOPLIST_FILE = TopOCDestinations/Info.plist;
				LD_RUNPATH_SEARCH_PATHS = "$(inherited) @executable_path/Frameworks";
				PRODUCT_BUNDLE_IDENTIFIER = com.rainbowapps.TopOCDestinations;
				PRODUCT_NAME = "$(TARGET_NAME)";
				SWIFT_VERSION = 3.0;
			};
			name = Debug;
		};
		CCA340311EC17B5800C3E4AA /* Release */ = {
			isa = XCBuildConfiguration;
			buildSettings = {
				ASSETCATALOG_COMPILER_APPICON_NAME = AppIcon;
				INFOPLIST_FILE = TopOCDestinations/Info.plist;
				LD_RUNPATH_SEARCH_PATHS = "$(inherited) @executable_path/Frameworks";
				PRODUCT_BUNDLE_IDENTIFIER = com.rainbowapps.TopOCDestinations;
				PRODUCT_NAME = "$(TARGET_NAME)";
				SWIFT_VERSION = 3.0;
			};
			name = Release;
		};
/* End XCBuildConfiguration section */

/* Begin XCConfigurationList section */
		CCA340181EC17B5700C3E4AA /* Build configuration list for PBXProject "TopOCDestinations" */ = {
			isa = XCConfigurationList;
			buildConfigurations = (
				CCA3402D1EC17B5800C3E4AA /* Debug */,
				CCA3402E1EC17B5800C3E4AA /* Release */,
			);
			defaultConfigurationIsVisible = 0;
			defaultConfigurationName = Release;
		};
		CCA3402F1EC17B5800C3E4AA /* Build configuration list for PBXNativeTarget "TopOCDestinations" */ = {
			isa = XCConfigurationList;
			buildConfigurations = (
				CCA340301EC17B5800C3E4AA /* Debug */,
				CCA340311EC17B5800C3E4AA /* Release */,
			);
			defaultConfigurationIsVisible = 0;
		};
/* End XCConfigurationList section */
	};
	rootObject = CCA340151EC17B5700C3E4AA /* Project object */;
}
